
Microsoft Visual Studio Solution File, Format Version 12.00
# Visual Studio Version 17
VisualStudioVersion = 17.0.32126.317
MinimumVisualStudioVersion = 10.0.40219.1
Project("{FAE04EC0-301F-11D3-BF4B-00C04F79EFBC}") = "Calculator", "Calculator\Calculator.csproj", "{3B0500F9-8E92-465A-8147-C846A693936B}"
EndProject
Global
	GlobalSection(SolutionConfigurationPlatforms) = preSolution
		Debug|Any CPU = Debug|Any CPU
		Release|Any CPU = Release|Any CPU
	EndGlobalSection
	GlobalSection(ProjectConfigurationPlatforms) = postSolution
		{3B0500F9-8E92-465A-8147-C846A693936B}.Debug|Any CPU.ActiveCfg = Debug|Any CPU
		{3B0500F9-8E92-465A-8147-C846A693936B}.Debug|Any CPU.Build.0 = Debug|Any CPU
		{3B0500F9-8E92-465A-8147-C846A693936B}.Release|Any CPU.ActiveCfg = Release|Any CPU
		{3B0500F9-8E92-465A-8147-C846A693936B}.Release|Any CPU.Build.0 = Release|Any CPU
	EndGlobalSection
	GlobalSection(SolutionProperties) = preSolution
		HideSolutionNode = FALSE
	EndGlobalSection
	GlobalSection(ExtensibilityGlobals) = postSolution
		SolutionGuid = {BE2B0CB9-A57C-4C3A-903E-1D6709AAE784}
	EndGlobalSection
EndGlobal
