
Microsoft Visual Studio Solution File, Format Version 12.00
# Visual Studio Version 17
VisualStudioVersion = 17.0.32126.317
MinimumVisualStudioVersion = 10.0.40219.1
Project("{FAE04EC0-301F-11D3-BF4B-00C04F79EFBC}") = "Docupload", "Docupload\Docupload.csproj", "{480B7611-BF0D-4782-B85B-52EF8F3BEF0B}"
EndProject
Global
	GlobalSection(SolutionConfigurationPlatforms) = preSolution
		Debug|Any CPU = Debug|Any CPU
		Release|Any CPU = Release|Any CPU
	EndGlobalSection
	GlobalSection(ProjectConfigurationPlatforms) = postSolution
		{480B7611-BF0D-4782-B85B-52EF8F3BEF0B}.Debug|Any CPU.ActiveCfg = Debug|Any CPU
		{480B7611-BF0D-4782-B85B-52EF8F3BEF0B}.Debug|Any CPU.Build.0 = Debug|Any CPU
		{480B7611-BF0D-4782-B85B-52EF8F3BEF0B}.Release|Any CPU.ActiveCfg = Release|Any CPU
		{480B7611-BF0D-4782-B85B-52EF8F3BEF0B}.Release|Any CPU.Build.0 = Release|Any CPU
	EndGlobalSection
	GlobalSection(SolutionProperties) = preSolution
		HideSolutionNode = FALSE
	EndGlobalSection
	GlobalSection(ExtensibilityGlobals) = postSolution
		SolutionGuid = {3A985ADE-A358-4C30-9841-CB7C86EB2822}
	EndGlobalSection
EndGlobal
